
Microsoft Visual Studio Solution File, Format Version 12.00
# Visual Studio 2013
VisualStudioVersion = 12.0.31101.0
MinimumVisualStudioVersion = 10.0.40219.1
Project("{FAE04EC0-301F-11D3-BF4B-00C04F79EFBC}") = "MySQLConnector", "MySQLConnector\MySQLConnector.csproj", "{82AE97C3-73D0-4EEA-AB56-0022BB87B5B5}"
EndProject
Global
	GlobalSection(TeamFoundationVersionControl) = preSolution
		SccNumberOfProjects = 2
		SccEnterpriseProvider = {4CA58AB2-18FA-4F8D-95D4-32DDF27D184C}
		SccTeamFoundationServer = https://jamieread.visualstudio.com/defaultcollection
		SccLocalPath0 = .
		SccProjectUniqueName1 = MySQLConnector\\MySQLConnector.csproj
		SccProjectName1 = MySQLConnector
		SccLocalPath1 = MySQLConnector
	EndGlobalSection
	GlobalSection(SolutionConfigurationPlatforms) = preSolution
		Debug|Any CPU = Debug|Any CPU
		Debug|x86 = Debug|x86
		Release|Any CPU = Release|Any CPU
		Release|x86 = Release|x86
	EndGlobalSection
	GlobalSection(ProjectConfigurationPlatforms) = postSolution
		{82AE97C3-73D0-4EEA-AB56-0022BB87B5B5}.Debug|Any CPU.ActiveCfg = Debug|Any CPU
		{82AE97C3-73D0-4EEA-AB56-0022BB87B5B5}.Debug|Any CPU.Build.0 = Debug|Any CPU
		{82AE97C3-73D0-4EEA-AB56-0022BB87B5B5}.Debug|x86.ActiveCfg = Debug|Any CPU
		{82AE97C3-73D0-4EEA-AB56-0022BB87B5B5}.Release|Any CPU.ActiveCfg = Release|Any CPU
		{82AE97C3-73D0-4EEA-AB56-0022BB87B5B5}.Release|Any CPU.Build.0 = Release|Any CPU
		{82AE97C3-73D0-4EEA-AB56-0022BB87B5B5}.Release|x86.ActiveCfg = Release|Any CPU
	EndGlobalSection
	GlobalSection(SolutionProperties) = preSolution
		HideSolutionNode = FALSE
	EndGlobalSection
	GlobalSection(MonoDevelopProperties) = preSolution
		StartupItem = MySQLConnector\MySQLConnector.csproj
		Policies = $0
		$0.TextStylePolicy = $1
		$1.inheritsSet = VisualStudio
		$1.inheritsScope = text/plain
		$1.scope = text/x-csharp
		$0.CSharpFormattingPolicy = $2
		$2.IndentSwitchBody = True
		$2.AnonymousMethodBraceStyle = NextLine
		$2.PropertyBraceStyle = NextLine
		$2.PropertyGetBraceStyle = NextLine
		$2.PropertySetBraceStyle = NextLine
		$2.EventBraceStyle = NextLine
		$2.EventAddBraceStyle = NextLine
		$2.EventRemoveBraceStyle = NextLine
		$2.StatementBraceStyle = NextLine
		$2.ElseNewLinePlacement = NewLine
		$2.CatchNewLinePlacement = NewLine
		$2.FinallyNewLinePlacement = NewLine
		$2.WhileNewLinePlacement = DoNotCare
		$2.ArrayInitializerWrapping = DoNotChange
		$2.ArrayInitializerBraceStyle = NextLine
		$2.BeforeMethodDeclarationParentheses = False
		$2.BeforeMethodCallParentheses = False
		$2.BeforeConstructorDeclarationParentheses = False
		$2.BeforeDelegateDeclarationParentheses = False
		$2.NewParentheses = False
		$2.SpacesBeforeBrackets = False
		$2.inheritsSet = Mono
		$2.inheritsScope = text/x-csharp
		$2.scope = text/x-csharp
	EndGlobalSection
EndGlobal
